// !$*UTF8*$!
{
	archiveVersion = 1;
	classes = {
	};
	objectVersion = 55;
	objects = {

/* Begin PBXBuildFile section */
		4A275B302896B730002AB3D6 /* correct.mp3 in Resources */ = {isa = PBXBuildFile; fileRef = 4A275B2F2896B730002AB3D6 /* correct.mp3 */; };
		4A275B322896B82C002AB3D6 /* skip.mp3 in Resources */ = {isa = PBXBuildFile; fileRef = 4A275B312896B82C002AB3D6 /* skip.mp3 */; };
		91FE250B289339F300963088 /* JokeData.swift in Sources */ = {isa = PBXBuildFile; fileRef = 91FE250A289339F300963088 /* JokeData.swift */; };
		AA72F5DE2890E5F90019C274 /* AppDelegate.swift in Sources */ = {isa = PBXBuildFile; fileRef = AA72F5DD2890E5F90019C274 /* AppDelegate.swift */; };
		AA72F5E02890E5F90019C274 /* SceneDelegate.swift in Sources */ = {isa = PBXBuildFile; fileRef = AA72F5DF2890E5F90019C274 /* SceneDelegate.swift */; };
		AA72F5E52890E5F90019C274 /* Main.storyboard in Resources */ = {isa = PBXBuildFile; fileRef = AA72F5E32890E5F90019C274 /* Main.storyboard */; };
		AA72F5E72890E5FA0019C274 /* Assets.xcassets in Resources */ = {isa = PBXBuildFile; fileRef = AA72F5E62890E5FA0019C274 /* Assets.xcassets */; };
		AA72F5EA2890E5FA0019C274 /* LaunchScreen.storyboard in Resources */ = {isa = PBXBuildFile; fileRef = AA72F5E82890E5FA0019C274 /* LaunchScreen.storyboard */; };
		AA72F5F5289104E60019C274 /* MainMenuViewController.swift in Sources */ = {isa = PBXBuildFile; fileRef = AA72F5F4289104E60019C274 /* MainMenuViewController.swift */; };
		AA72F5F7289105220019C274 /* RulesViewController.swift in Sources */ = {isa = PBXBuildFile; fileRef = AA72F5F6289105220019C274 /* RulesViewController.swift */; };
		AA72F5F9289105320019C274 /* GameViewController.swift in Sources */ = {isa = PBXBuildFile; fileRef = AA72F5F8289105320019C274 /* GameViewController.swift */; };
		AA72F5FB289105560019C274 /* ResultsViewController.swift in Sources */ = {isa = PBXBuildFile; fileRef = AA72F5FA289105560019C274 /* ResultsViewController.swift */; };
		AA72F5FD289105CF0019C274 /* GameModel.swift in Sources */ = {isa = PBXBuildFile; fileRef = AA72F5FC289105CF0019C274 /* GameModel.swift */; };
		AA72F5FF28914F0E0019C274 /* JokeModel.swift in Sources */ = {isa = PBXBuildFile; fileRef = AA72F5FE28914F0E0019C274 /* JokeModel.swift */; };
		AA72F601289156D80019C274 /* AVPlayerModel.swift in Sources */ = {isa = PBXBuildFile; fileRef = AA72F600289156D80019C274 /* AVPlayerModel.swift */; };
/* End PBXBuildFile section */

/* Begin PBXFileReference section */
		4A275B2F2896B730002AB3D6 /* correct.mp3 */ = {isa = PBXFileReference; lastKnownFileType = audio.mp3; name = correct.mp3; path = ../../../../../../Downloads/correct.mp3; sourceTree = "<group>"; };
		4A275B312896B82C002AB3D6 /* skip.mp3 */ = {isa = PBXFileReference; lastKnownFileType = audio.mp3; name = skip.mp3; path = ../../../../../../Downloads/skip.mp3; sourceTree = "<group>"; };
		91FE250A289339F300963088 /* JokeData.swift */ = {isa = PBXFileReference; lastKnownFileType = sourcecode.swift; path = JokeData.swift; sourceTree = "<group>"; };
		AA72F5DA2890E5F90019C274 /* Alias - Swift Maraphon 4.app */ = {isa = PBXFileReference; explicitFileType = wrapper.application; includeInIndex = 0; path = "Alias - Swift Maraphon 4.app"; sourceTree = BUILT_PRODUCTS_DIR; };
		AA72F5DD2890E5F90019C274 /* AppDelegate.swift */ = {isa = PBXFileReference; lastKnownFileType = sourcecode.swift; path = AppDelegate.swift; sourceTree = "<group>"; };
		AA72F5DF2890E5F90019C274 /* SceneDelegate.swift */ = {isa = PBXFileReference; lastKnownFileType = sourcecode.swift; path = SceneDelegate.swift; sourceTree = "<group>"; };
		AA72F5E42890E5F90019C274 /* Base */ = {isa = PBXFileReference; lastKnownFileType = file.storyboard; name = Base; path = Base.lproj/Main.storyboard; sourceTree = "<group>"; };
		AA72F5E62890E5FA0019C274 /* Assets.xcassets */ = {isa = PBXFileReference; lastKnownFileType = folder.assetcatalog; path = Assets.xcassets; sourceTree = "<group>"; };
		AA72F5E92890E5FA0019C274 /* Base */ = {isa = PBXFileReference; lastKnownFileType = file.storyboard; name = Base; path = Base.lproj/LaunchScreen.storyboard; sourceTree = "<group>"; };
		AA72F5EB2890E5FA0019C274 /* Info.plist */ = {isa = PBXFileReference; lastKnownFileType = text.plist.xml; path = Info.plist; sourceTree = "<group>"; };
		AA72F5F4289104E60019C274 /* MainMenuViewController.swift */ = {isa = PBXFileReference; lastKnownFileType = sourcecode.swift; path = MainMenuViewController.swift; sourceTree = "<group>"; };
		AA72F5F6289105220019C274 /* RulesViewController.swift */ = {isa = PBXFileReference; lastKnownFileType = sourcecode.swift; path = RulesViewController.swift; sourceTree = "<group>"; };
		AA72F5F8289105320019C274 /* GameViewController.swift */ = {isa = PBXFileReference; lastKnownFileType = sourcecode.swift; path = GameViewController.swift; sourceTree = "<group>"; };
		AA72F5FA289105560019C274 /* ResultsViewController.swift */ = {isa = PBXFileReference; lastKnownFileType = sourcecode.swift; path = ResultsViewController.swift; sourceTree = "<group>"; };
		AA72F5FC289105CF0019C274 /* GameModel.swift */ = {isa = PBXFileReference; lastKnownFileType = sourcecode.swift; path = GameModel.swift; sourceTree = "<group>"; };
		AA72F5FE28914F0E0019C274 /* JokeModel.swift */ = {isa = PBXFileReference; lastKnownFileType = sourcecode.swift; path = JokeModel.swift; sourceTree = "<group>"; };
		AA72F600289156D80019C274 /* AVPlayerModel.swift */ = {isa = PBXFileReference; lastKnownFileType = sourcecode.swift; path = AVPlayerModel.swift; sourceTree = "<group>"; };
/* End PBXFileReference section */

/* Begin PBXFrameworksBuildPhase section */
		AA72F5D72890E5F90019C274 /* Frameworks */ = {
			isa = PBXFrameworksBuildPhase;
			buildActionMask = 2147483647;
			files = (
			);
			runOnlyForDeploymentPostprocessing = 0;
		};
/* End PBXFrameworksBuildPhase section */

/* Begin PBXGroup section */
		4A275B2E2896B6FF002AB3D6 /* Sounds */ = {
			isa = PBXGroup;
			children = (
				4A275B2F2896B730002AB3D6 /* correct.mp3 */,
				4A275B312896B82C002AB3D6 /* skip.mp3 */,
			);
			path = Sounds;
			sourceTree = "<group>";
		};
		AA72F5D12890E5F90019C274 = {
			isa = PBXGroup;
			children = (
				AA72F5DC2890E5F90019C274 /* Alias - Swift Maraphon 4 */,
				AA72F5DB2890E5F90019C274 /* Products */,
			);
			sourceTree = "<group>";
		};
		AA72F5DB2890E5F90019C274 /* Products */ = {
			isa = PBXGroup;
			children = (
				AA72F5DA2890E5F90019C274 /* Alias - Swift Maraphon 4.app */,
			);
			name = Products;
			sourceTree = "<group>";
		};
		AA72F5DC2890E5F90019C274 /* Alias - Swift Maraphon 4 */ = {
			isa = PBXGroup;
			children = (
				AA72F5DD2890E5F90019C274 /* AppDelegate.swift */,
				AA72F5DF2890E5F90019C274 /* SceneDelegate.swift */,
				AA72F5F3289101A00019C274 /* Controllers */,
				AA72F5F2289101990019C274 /* Views */,
				AA72F5F1289101860019C274 /* Models */,
				AA72F5E62890E5FA0019C274 /* Assets.xcassets */,
				AA72F5E82890E5FA0019C274 /* LaunchScreen.storyboard */,
				AA72F5EB2890E5FA0019C274 /* Info.plist */,
				4A275B2E2896B6FF002AB3D6 /* Sounds */,
			);
			path = "Alias - Swift Maraphon 4";
			sourceTree = "<group>";
		};
		AA72F5F1289101860019C274 /* Models */ = {
			isa = PBXGroup;
			children = (
				AA72F5FC289105CF0019C274 /* GameModel.swift */,
				AA72F5FE28914F0E0019C274 /* JokeModel.swift */,
				AA72F600289156D80019C274 /* AVPlayerModel.swift */,
				91FE250A289339F300963088 /* JokeData.swift */,
			);
			path = Models;
			sourceTree = "<group>";
		};
		AA72F5F2289101990019C274 /* Views */ = {
			isa = PBXGroup;
			children = (
				AA72F5E32890E5F90019C274 /* Main.storyboard */,
			);
			path = Views;
			sourceTree = "<group>";
		};
		AA72F5F3289101A00019C274 /* Controllers */ = {
			isa = PBXGroup;
			children = (
				AA72F5F4289104E60019C274 /* MainMenuViewController.swift */,
				AA72F5F6289105220019C274 /* RulesViewController.swift */,
				AA72F5F8289105320019C274 /* GameViewController.swift */,
				AA72F5FA289105560019C274 /* ResultsViewController.swift */,
			);
			path = Controllers;
			sourceTree = "<group>";
		};
/* End PBXGroup section */

/* Begin PBXNativeTarget section */
		AA72F5D92890E5F90019C274 /* Alias - Swift Maraphon 4 */ = {
			isa = PBXNativeTarget;
			buildConfigurationList = AA72F5EE2890E5FA0019C274 /* Build configuration list for PBXNativeTarget "Alias - Swift Maraphon 4" */;
			buildPhases = (
				AA72F5D62890E5F90019C274 /* Sources */,
				AA72F5D72890E5F90019C274 /* Frameworks */,
				AA72F5D82890E5F90019C274 /* Resources */,
			);
			buildRules = (
			);
			dependencies = (
			);
			name = "Alias - Swift Maraphon 4";
			productName = "Alias - Swift Maraphon 4";
			productReference = AA72F5DA2890E5F90019C274 /* Alias - Swift Maraphon 4.app */;
			productType = "com.apple.product-type.application";
		};
/* End PBXNativeTarget section */

/* Begin PBXProject section */
		AA72F5D22890E5F90019C274 /* Project object */ = {
			isa = PBXProject;
			attributes = {
				BuildIndependentTargetsInParallel = 1;
				LastSwiftUpdateCheck = 1340;
				LastUpgradeCheck = 1340;
				TargetAttributes = {
					AA72F5D92890E5F90019C274 = {
						CreatedOnToolsVersion = 13.4.1;
					};
				};
			};
			buildConfigurationList = AA72F5D52890E5F90019C274 /* Build configuration list for PBXProject "Alias - Swift Maraphon 4" */;
			compatibilityVersion = "Xcode 13.0";
			developmentRegion = en;
			hasScannedForEncodings = 0;
			knownRegions = (
				en,
				Base,
			);
			mainGroup = AA72F5D12890E5F90019C274;
			productRefGroup = AA72F5DB2890E5F90019C274 /* Products */;
			projectDirPath = "";
			projectRoot = "";
			targets = (
				AA72F5D92890E5F90019C274 /* Alias - Swift Maraphon 4 */,
			);
		};
/* End PBXProject section */

/* Begin PBXResourcesBuildPhase section */
		AA72F5D82890E5F90019C274 /* Resources */ = {
			isa = PBXResourcesBuildPhase;
			buildActionMask = 2147483647;
			files = (
				4A275B302896B730002AB3D6 /* correct.mp3 in Resources */,
				AA72F5EA2890E5FA0019C274 /* LaunchScreen.storyboard in Resources */,
				AA72F5E72890E5FA0019C274 /* Assets.xcassets in Resources */,
				4A275B322896B82C002AB3D6 /* skip.mp3 in Resources */,
				AA72F5E52890E5F90019C274 /* Main.storyboard in Resources */,
			);
			runOnlyForDeploymentPostprocessing = 0;
		};
/* End PBXResourcesBuildPhase section */

/* Begin PBXSourcesBuildPhase section */
		AA72F5D62890E5F90019C274 /* Sources */ = {
			isa = PBXSourcesBuildPhase;
			buildActionMask = 2147483647;
			files = (
				AA72F5F9289105320019C274 /* GameViewController.swift in Sources */,
				AA72F5F5289104E60019C274 /* MainMenuViewController.swift in Sources */,
				91FE250B289339F300963088 /* JokeData.swift in Sources */,
				AA72F601289156D80019C274 /* AVPlayerModel.swift in Sources */,
				AA72F5DE2890E5F90019C274 /* AppDelegate.swift in Sources */,
				AA72F5F7289105220019C274 /* RulesViewController.swift in Sources */,
				AA72F5FF28914F0E0019C274 /* JokeModel.swift in Sources */,
				AA72F5E02890E5F90019C274 /* SceneDelegate.swift in Sources */,
				AA72F5FD289105CF0019C274 /* GameModel.swift in Sources */,
				AA72F5FB289105560019C274 /* ResultsViewController.swift in Sources */,
			);
			runOnlyForDeploymentPostprocessing = 0;
		};
/* End PBXSourcesBuildPhase section */

/* Begin PBXVariantGroup section */
		AA72F5E32890E5F90019C274 /* Main.storyboard */ = {
			isa = PBXVariantGroup;
			children = (
				AA72F5E42890E5F90019C274 /* Base */,
			);
			name = Main.storyboard;
			sourceTree = "<group>";
		};
		AA72F5E82890E5FA0019C274 /* LaunchScreen.storyboard */ = {
			isa = PBXVariantGroup;
			children = (
				AA72F5E92890E5FA0019C274 /* Base */,
			);
			name = LaunchScreen.storyboard;
			sourceTree = "<group>";
		};
/* End PBXVariantGroup section */

/* Begin XCBuildConfiguration section */
		AA72F5EC2890E5FA0019C274 /* Debug */ = {
			isa = XCBuildConfiguration;
			buildSettings = {
				ALWAYS_SEARCH_USER_PATHS = NO;
				CLANG_ANALYZER_NONNULL = YES;
				CLANG_ANALYZER_NUMBER_OBJECT_CONVERSION = YES_AGGRESSIVE;
				CLANG_CXX_LANGUAGE_STANDARD = "gnu++17";
				CLANG_ENABLE_MODULES = YES;
				CLANG_ENABLE_OBJC_ARC = YES;
				CLANG_ENABLE_OBJC_WEAK = YES;
				CLANG_WARN_BLOCK_CAPTURE_AUTORELEASING = YES;
				CLANG_WARN_BOOL_CONVERSION = YES;
				CLANG_WARN_COMMA = YES;
				CLANG_WARN_CONSTANT_CONVERSION = YES;
				CLANG_WARN_DEPRECATED_OBJC_IMPLEMENTATIONS = YES;
				CLANG_WARN_DIRECT_OBJC_ISA_USAGE = YES_ERROR;
				CLANG_WARN_DOCUMENTATION_COMMENTS = YES;
				CLANG_WARN_EMPTY_BODY = YES;
				CLANG_WARN_ENUM_CONVERSION = YES;
				CLANG_WARN_INFINITE_RECURSION = YES;
				CLANG_WARN_INT_CONVERSION = YES;
				CLANG_WARN_NON_LITERAL_NULL_CONVERSION = YES;
				CLANG_WARN_OBJC_IMPLICIT_RETAIN_SELF = YES;
				CLANG_WARN_OBJC_LITERAL_CONVERSION = YES;
				CLANG_WARN_OBJC_ROOT_CLASS = YES_ERROR;
				CLANG_WARN_QUOTED_INCLUDE_IN_FRAMEWORK_HEADER = YES;
				CLANG_WARN_RANGE_LOOP_ANALYSIS = YES;
				CLANG_WARN_STRICT_PROTOTYPES = YES;
				CLANG_WARN_SUSPICIOUS_MOVE = YES;
				CLANG_WARN_UNGUARDED_AVAILABILITY = YES_AGGRESSIVE;
				CLANG_WARN_UNREACHABLE_CODE = YES;
				CLANG_WARN__DUPLICATE_METHOD_MATCH = YES;
				COPY_PHASE_STRIP = NO;
				DEBUG_INFORMATION_FORMAT = dwarf;
				ENABLE_STRICT_OBJC_MSGSEND = YES;
				ENABLE_TESTABILITY = YES;
				GCC_C_LANGUAGE_STANDARD = gnu11;
				GCC_DYNAMIC_NO_PIC = NO;
				GCC_NO_COMMON_BLOCKS = YES;
				GCC_OPTIMIZATION_LEVEL = 0;
				GCC_PREPROCESSOR_DEFINITIONS = (
					"DEBUG=1",
					"$(inherited)",
				);
				GCC_WARN_64_TO_32_BIT_CONVERSION = YES;
				GCC_WARN_ABOUT_RETURN_TYPE = YES_ERROR;
				GCC_WARN_UNDECLARED_SELECTOR = YES;
				GCC_WARN_UNINITIALIZED_AUTOS = YES_AGGRESSIVE;
				GCC_WARN_UNUSED_FUNCTION = YES;
				GCC_WARN_UNUSED_VARIABLE = YES;
				IPHONEOS_DEPLOYMENT_TARGET = 15.0;
				MTL_ENABLE_DEBUG_INFO = INCLUDE_SOURCE;
				MTL_FAST_MATH = YES;
				ONLY_ACTIVE_ARCH = YES;
				SDKROOT = iphoneos;
				SWIFT_ACTIVE_COMPILATION_CONDITIONS = DEBUG;
				SWIFT_OPTIMIZATION_LEVEL = "-Onone";
			};
			name = Debug;
		};
		AA72F5ED2890E5FA0019C274 /* Release */ = {
			isa = XCBuildConfiguration;
			buildSettings = {
				ALWAYS_SEARCH_USER_PATHS = NO;
				CLANG_ANALYZER_NONNULL = YES;
				CLANG_ANALYZER_NUMBER_OBJECT_CONVERSION = YES_AGGRESSIVE;
				CLANG_CXX_LANGUAGE_STANDARD = "gnu++17";
				CLANG_ENABLE_MODULES = YES;
				CLANG_ENABLE_OBJC_ARC = YES;
				CLANG_ENABLE_OBJC_WEAK = YES;
				CLANG_WARN_BLOCK_CAPTURE_AUTORELEASING = YES;
				CLANG_WARN_BOOL_CONVERSION = YES;
				CLANG_WARN_COMMA = YES;
				CLANG_WARN_CONSTANT_CONVERSION = YES;
				CLANG_WARN_DEPRECATED_OBJC_IMPLEMENTATIONS = YES;
				CLANG_WARN_DIRECT_OBJC_ISA_USAGE = YES_ERROR;
				CLANG_WARN_DOCUMENTATION_COMMENTS = YES;
				CLANG_WARN_EMPTY_BODY = YES;
				CLANG_WARN_ENUM_CONVERSION = YES;
				CLANG_WARN_INFINITE_RECURSION = YES;
				CLANG_WARN_INT_CONVERSION = YES;
				CLANG_WARN_NON_LITERAL_NULL_CONVERSION = YES;
				CLANG_WARN_OBJC_IMPLICIT_RETAIN_SELF = YES;
				CLANG_WARN_OBJC_LITERAL_CONVERSION = YES;
				CLANG_WARN_OBJC_ROOT_CLASS = YES_ERROR;
				CLANG_WARN_QUOTED_INCLUDE_IN_FRAMEWORK_HEADER = YES;
				CLANG_WARN_RANGE_LOOP_ANALYSIS = YES;
				CLANG_WARN_STRICT_PROTOTYPES = YES;
				CLANG_WARN_SUSPICIOUS_MOVE = YES;
				CLANG_WARN_UNGUARDED_AVAILABILITY = YES_AGGRESSIVE;
				CLANG_WARN_UNREACHABLE_CODE = YES;
				CLANG_WARN__DUPLICATE_METHOD_MATCH = YES;
				COPY_PHASE_STRIP = NO;
				DEBUG_INFORMATION_FORMAT = "dwarf-with-dsym";
				ENABLE_NS_ASSERTIONS = NO;
				ENABLE_STRICT_OBJC_MSGSEND = YES;
				GCC_C_LANGUAGE_STANDARD = gnu11;
				GCC_NO_COMMON_BLOCKS = YES;
				GCC_WARN_64_TO_32_BIT_CONVERSION = YES;
				GCC_WARN_ABOUT_RETURN_TYPE = YES_ERROR;
				GCC_WARN_UNDECLARED_SELECTOR = YES;
				GCC_WARN_UNINITIALIZED_AUTOS = YES_AGGRESSIVE;
				GCC_WARN_UNUSED_FUNCTION = YES;
				GCC_WARN_UNUSED_VARIABLE = YES;
				IPHONEOS_DEPLOYMENT_TARGET = 15.0;
				MTL_ENABLE_DEBUG_INFO = NO;
				MTL_FAST_MATH = YES;
				SDKROOT = iphoneos;
				SWIFT_COMPILATION_MODE = wholemodule;
				SWIFT_OPTIMIZATION_LEVEL = "-O";
				VALIDATE_PRODUCT = YES;
			};
			name = Release;
		};
		AA72F5EF2890E5FA0019C274 /* Debug */ = {
			isa = XCBuildConfiguration;
			buildSettings = {
				ASSETCATALOG_COMPILER_APPICON_NAME = AppIcon;
				ASSETCATALOG_COMPILER_GLOBAL_ACCENT_COLOR_NAME = AccentColor;
				CODE_SIGN_STYLE = Automatic;
				CURRENT_PROJECT_VERSION = 1;
				DEVELOPMENT_TEAM = 5NYF2BWXHZ;
				GENERATE_INFOPLIST_FILE = YES;
				INFOPLIST_FILE = "Alias - Swift Maraphon 4/Info.plist";
				INFOPLIST_KEY_UIApplicationSupportsIndirectInputEvents = YES;
				INFOPLIST_KEY_UILaunchStoryboardName = LaunchScreen;
				INFOPLIST_KEY_UIMainStoryboardFile = Main;
				INFOPLIST_KEY_UISupportedInterfaceOrientations_iPad = "UIInterfaceOrientationPortrait UIInterfaceOrientationPortraitUpsideDown UIInterfaceOrientationLandscapeLeft UIInterfaceOrientationLandscapeRight";
				INFOPLIST_KEY_UISupportedInterfaceOrientations_iPhone = "UIInterfaceOrientationPortrait UIInterfaceOrientationLandscapeLeft UIInterfaceOrientationLandscapeRight";
				IPHONEOS_DEPLOYMENT_TARGET = 15.0;
				LD_RUNPATH_SEARCH_PATHS = (
					"$(inherited)",
					"@executable_path/Frameworks",
				);
				MARKETING_VERSION = 1.0;
				PRODUCT_BUNDLE_IDENTIFIER = "solovev93aa.Alias---Swift-Maraphon-4";
				PRODUCT_NAME = "$(TARGET_NAME)";
				SWIFT_EMIT_LOC_STRINGS = YES;
				SWIFT_VERSION = 5.0;
				TARGETED_DEVICE_FAMILY = "1,2";
			};
			name = Debug;
		};
		AA72F5F02890E5FA0019C274 /* Release */ = {
			isa = XCBuildConfiguration;
			buildSettings = {
				ASSETCATALOG_COMPILER_APPICON_NAME = AppIcon;
				ASSETCATALOG_COMPILER_GLOBAL_ACCENT_COLOR_NAME = AccentColor;
				CODE_SIGN_STYLE = Automatic;
				CURRENT_PROJECT_VERSION = 1;
				DEVELOPMENT_TEAM = VJ39792262;
				GENERATE_INFOPLIST_FILE = YES;
				INFOPLIST_FILE = "Alias - Swift Maraphon 4/Info.plist";
				INFOPLIST_KEY_UIApplicationSupportsIndirectInputEvents = YES;
				INFOPLIST_KEY_UILaunchStoryboardName = LaunchScreen;
				INFOPLIST_KEY_UIMainStoryboardFile = Main;
				INFOPLIST_KEY_UISupportedInterfaceOrientations_iPad = "UIInterfaceOrientationPortrait UIInterfaceOrientationPortraitUpsideDown UIInterfaceOrientationLandscapeLeft UIInterfaceOrientationLandscapeRight";
				INFOPLIST_KEY_UISupportedInterfaceOrientations_iPhone = "UIInterfaceOrientationPortrait UIInterfaceOrientationLandscapeLeft UIInterfaceOrientationLandscapeRight";
				IPHONEOS_DEPLOYMENT_TARGET = 15.0;
				LD_RUNPATH_SEARCH_PATHS = (
					"$(inherited)",
					"@executable_path/Frameworks",
				);
				MARKETING_VERSION = 1.0;
				PRODUCT_BUNDLE_IDENTIFIER = "solovev93aa.Alias---Swift-Maraphon-4";
				PRODUCT_NAME = "$(TARGET_NAME)";
				SWIFT_EMIT_LOC_STRINGS = YES;
				SWIFT_VERSION = 5.0;
				TARGETED_DEVICE_FAMILY = "1,2";
			};
			name = Release;
		};
/* End XCBuildConfiguration section */

/* Begin XCConfigurationList section */
		AA72F5D52890E5F90019C274 /* Build configuration list for PBXProject "Alias - Swift Maraphon 4" */ = {
			isa = XCConfigurationList;
			buildConfigurations = (
				AA72F5EC2890E5FA0019C274 /* Debug */,
				AA72F5ED2890E5FA0019C274 /* Release */,
			);
			defaultConfigurationIsVisible = 0;
			defaultConfigurationName = Release;
		};
		AA72F5EE2890E5FA0019C274 /* Build configuration list for PBXNativeTarget "Alias - Swift Maraphon 4" */ = {
			isa = XCConfigurationList;
			buildConfigurations = (
				AA72F5EF2890E5FA0019C274 /* Debug */,
				AA72F5F02890E5FA0019C274 /* Release */,
			);
			defaultConfigurationIsVisible = 0;
			defaultConfigurationName = Release;
		};
/* End XCConfigurationList section */
	};
	rootObject = AA72F5D22890E5F90019C274 /* Project object */;
}
